
Microsoft Visual Studio Solution File, Format Version 12.00
# Visual Studio Version 17
VisualStudioVersion = 17.3.32804.467
MinimumVisualStudioVersion = 10.0.40219.1
Project("{FAE04EC0-301F-11D3-BF4B-00C04F79EFBC}") = "DarkRandomUtils", "src\DarkRandomUtils\DarkRandomUtils.csproj", "{43B8FD0F-EFD8-4158-9D87-9FB72E0A7B68}"
EndProject
Project("{2150E333-8FDC-42A3-9474-1A3956D46DE8}") = "src", "src", "{EBBD399B-EDD7-4B36-ADDD-555DE8FFABD2}"
EndProject
Project("{2150E333-8FDC-42A3-9474-1A3956D46DE8}") = "Solution Items", "Solution Items", "{E4FE2DAA-F75D-4E47-92B4-911C246904B2}"
	ProjectSection(SolutionItems) = preProject
		README.md = README.md
	EndProjectSection
EndProject
Project("{2150E333-8FDC-42A3-9474-1A3956D46DE8}") = "tests", "tests", "{273B6DC2-D0D3-4941-A1E8-F3158F113894}"
EndProject
Project("{FAE04EC0-301F-11D3-BF4B-00C04F79EFBC}") = "DarkRandomUtils.Tests", "tests\DarkRandomUtils.Tests\DarkRandomUtils.Tests.csproj", "{0F2D2C9F-06E0-45D2-A4F4-59DA05240EDA}"
EndProject
Global
	GlobalSection(SolutionConfigurationPlatforms) = preSolution
		Debug|Any CPU = Debug|Any CPU
		Release|Any CPU = Release|Any CPU
	EndGlobalSection
	GlobalSection(ProjectConfigurationPlatforms) = postSolution
		{43B8FD0F-EFD8-4158-9D87-9FB72E0A7B68}.Debug|Any CPU.ActiveCfg = Debug|Any CPU
		{43B8FD0F-EFD8-4158-9D87-9FB72E0A7B68}.Debug|Any CPU.Build.0 = Debug|Any CPU
		{43B8FD0F-EFD8-4158-9D87-9FB72E0A7B68}.Release|Any CPU.ActiveCfg = Release|Any CPU
		{43B8FD0F-EFD8-4158-9D87-9FB72E0A7B68}.Release|Any CPU.Build.0 = Release|Any CPU
		{0F2D2C9F-06E0-45D2-A4F4-59DA05240EDA}.Debug|Any CPU.ActiveCfg = Debug|Any CPU
		{0F2D2C9F-06E0-45D2-A4F4-59DA05240EDA}.Debug|Any CPU.Build.0 = Debug|Any CPU
		{0F2D2C9F-06E0-45D2-A4F4-59DA05240EDA}.Release|Any CPU.ActiveCfg = Release|Any CPU
		{0F2D2C9F-06E0-45D2-A4F4-59DA05240EDA}.Release|Any CPU.Build.0 = Release|Any CPU
	EndGlobalSection
	GlobalSection(SolutionProperties) = preSolution
		HideSolutionNode = FALSE
	EndGlobalSection
	GlobalSection(NestedProjects) = preSolution
		{43B8FD0F-EFD8-4158-9D87-9FB72E0A7B68} = {EBBD399B-EDD7-4B36-ADDD-555DE8FFABD2}
		{0F2D2C9F-06E0-45D2-A4F4-59DA05240EDA} = {273B6DC2-D0D3-4941-A1E8-F3158F113894}
	EndGlobalSection
	GlobalSection(ExtensibilityGlobals) = postSolution
		SolutionGuid = {C2A85A19-8F61-4408-A01D-D960335B0867}
	EndGlobalSection
EndGlobal
